version: "1"
updated: "2026-04-19T00:00:00Z"
skills:
  skill-importer:
    version: "1.0.0"
    source: "builtin"
    upstream: null
    upstream_sha: null
    installed_at: "2026-04-19T00:00:00Z"
    last_checked: null
    adapted_for: null
  skill-manager:
    version: "1.0.0"
    source: "builtin"
    upstream: null
    upstream_sha: null
    installed_at: "2026-04-19T00:00:00Z"
    last_checked: null
    adapted_for: null
